
Microsoft Visual Studio Solution File, Format Version 10.00
# Visual Studio 2008
Project("{FAE04EC0-301F-11D3-BF4B-00C04F79EFBC}") = "FtpClient", "FtpClient\FtpClient.csproj", "{B10A4DEA-333B-4790-B8D2-819D77922CDF}"
EndProject
Global
	GlobalSection(SolutionConfigurationPlatforms) = preSolution
		Debug|Any CPU = Debug|Any CPU
		Release|Any CPU = Release|Any CPU
	EndGlobalSection
	GlobalSection(ProjectConfigurationPlatforms) = postSolution
		{B10A4DEA-333B-4790-B8D2-819D77922CDF}.Debug|Any CPU.ActiveCfg = Debug|Any CPU
		{B10A4DEA-333B-4790-B8D2-819D77922CDF}.Debug|Any CPU.Build.0 = Debug|Any CPU
		{B10A4DEA-333B-4790-B8D2-819D77922CDF}.Release|Any CPU.ActiveCfg = Release|Any CPU
		{B10A4DEA-333B-4790-B8D2-819D77922CDF}.Release|Any CPU.Build.0 = Release|Any CPU
	EndGlobalSection
	GlobalSection(SolutionProperties) = preSolution
		HideSolutionNode = FALSE
	EndGlobalSection
EndGlobal
